
Microsoft Visual Studio Solution File, Format Version 12.00
# Visual Studio Version 16
VisualStudioVersion = 16.0.31424.327
MinimumVisualStudioVersion = 10.0.40219.1
Project("{FAE04EC0-301F-11D3-BF4B-00C04F79EFBC}") = "ASPNET_Core_MVC", "ASPNET_Core_MVC.csproj", "{A7A891ED-898E-4276-9121-80B5FBD555F8}"
EndProject
Global
	GlobalSection(SolutionConfigurationPlatforms) = preSolution
		Debug|Any CPU = Debug|Any CPU
		Release|Any CPU = Release|Any CPU
	EndGlobalSection
	GlobalSection(ProjectConfigurationPlatforms) = postSolution
		{A7A891ED-898E-4276-9121-80B5FBD555F8}.Debug|Any CPU.ActiveCfg = Debug|Any CPU
		{A7A891ED-898E-4276-9121-80B5FBD555F8}.Debug|Any CPU.Build.0 = Debug|Any CPU
		{A7A891ED-898E-4276-9121-80B5FBD555F8}.Release|Any CPU.ActiveCfg = Release|Any CPU
		{A7A891ED-898E-4276-9121-80B5FBD555F8}.Release|Any CPU.Build.0 = Release|Any CPU
	EndGlobalSection
	GlobalSection(SolutionProperties) = preSolution
		HideSolutionNode = FALSE
	EndGlobalSection
	GlobalSection(ExtensibilityGlobals) = postSolution
		SolutionGuid = {99955650-B7D4-4D2B-A58C-F1FA7D004FCA}
	EndGlobalSection
EndGlobal
